{
  "version": 4,
  "terraform_version": "1.9.6",
  "serial": 26,
  "lineage": "f0a48b2a-fbfd-13a3-cbcc-4f74a7f2c97c",
  "outputs": {
    "db_network_ip": {
      "value": "192.168.2.3",
      "type": "string"
    },
    "web_network_ip": {
      "value": "192.168.2.4",
      "type": "string"
    }
  },
  "resources": [
    {
      "mode": "data",
      "type": "google_compute_network",
      "name": "vpc-default",
      "provider": "provider[\"registry.terraform.io/hashicorp/google\"]",
      "instances": [
        {
          "schema_version": 0,
          "attributes": {
            "description": "Default network for the project",
            "gateway_ipv4": "",
            "id": "projects/terraform-443107/global/networks/default",
            "internal_ipv6_range": "",
            "name": "default",
            "project": null,
            "self_link": "https://www.googleapis.com/compute/v1/projects/terraform-443107/global/networks/default",
            "subnetworks_self_links": [
              "https://www.googleapis.com/compute/v1/projects/terraform-443107/regions/europe-north1/subnetworks/default",
              "https://www.googleapis.com/compute/v1/projects/terraform-443107/regions/europe-west10/subnetworks/default",
              "https://www.googleapis.com/compute/v1/projects/terraform-443107/regions/southamerica-east1/subnetworks/default",
              "https://www.googleapis.com/compute/v1/projects/terraform-443107/regions/asia-northeast3/subnetworks/default",
              "https://www.googleapis.com/compute/v1/projects/terraform-443107/regions/europe-north2/subnetworks/default",
              "https://www.googleapis.com/compute/v1/projects/terraform-443107/regions/asia-southeast2/subnetworks/default",
              "https://www.googleapis.com/compute/v1/projects/terraform-443107/regions/europe-west3/subnetworks/default",
              "https://www.googleapis.com/compute/v1/projects/terraform-443107/regions/me-central1/subnetworks/default",
              "https://www.googleapis.com/compute/v1/projects/terraform-443107/regions/australia-southeast1/subnetworks/default",
              "https://www.googleapis.com/compute/v1/projects/terraform-443107/regions/us-west3/subnetworks/default",
              "https://www.googleapis.com/compute/v1/projects/terraform-443107/regions/us-south1/subnetworks/default",
              "https://www.googleapis.com/compute/v1/projects/terraform-443107/regions/europe-west12/subnetworks/default",
              "https://www.googleapis.com/compute/v1/projects/terraform-443107/regions/asia-east1/subnetworks/default",
              "https://www.googleapis.com/compute/v1/projects/terraform-443107/regions/southamerica-west1/subnetworks/default",
              "https://www.googleapis.com/compute/v1/projects/terraform-443107/regions/europe-west1/subnetworks/default",
              "https://www.googleapis.com/compute/v1/projects/terraform-443107/regions/us-west2/subnetworks/default",
              "https://www.googleapis.com/compute/v1/projects/terraform-443107/regions/europe-central2/subnetworks/default",
              "https://www.googleapis.com/compute/v1/projects/terraform-443107/regions/europe-west6/subnetworks/default",
              "https://www.googleapis.com/compute/v1/projects/terraform-443107/regions/us-west4/subnetworks/default",
              "https://www.googleapis.com/compute/v1/projects/terraform-443107/regions/asia-southeast1/subnetworks/default",
              "https://www.googleapis.com/compute/v1/projects/terraform-443107/regions/asia-east2/subnetworks/default",
              "https://www.googleapis.com/compute/v1/projects/terraform-443107/regions/asia-south2/subnetworks/default",
              "https://www.googleapis.com/compute/v1/projects/terraform-443107/regions/australia-southeast2/subnetworks/default",
              "https://www.googleapis.com/compute/v1/projects/terraform-443107/regions/asia-northeast1/subnetworks/default",
              "https://www.googleapis.com/compute/v1/projects/terraform-443107/regions/us-east1/subnetworks/default",
              "https://www.googleapis.com/compute/v1/projects/terraform-443107/regions/europe-west8/subnetworks/default",
              "https://www.googleapis.com/compute/v1/projects/terraform-443107/regions/africa-south1/subnetworks/default",
              "https://www.googleapis.com/compute/v1/projects/terraform-443107/regions/us-west1/subnetworks/default",
              "https://www.googleapis.com/compute/v1/projects/terraform-443107/regions/northamerica-northeast2/subnetworks/default",
              "https://www.googleapis.com/compute/v1/projects/terraform-443107/regions/europe-west2/subnetworks/default",
              "https://www.googleapis.com/compute/v1/projects/terraform-443107/regions/europe-west9/subnetworks/default",
              "https://www.googleapis.com/compute/v1/projects/terraform-443107/regions/asia-northeast2/subnetworks/default",
              "https://www.googleapis.com/compute/v1/projects/terraform-443107/regions/us-east5/subnetworks/default",
              "https://www.googleapis.com/compute/v1/projects/terraform-443107/regions/europe-southwest1/subnetworks/default",
              "https://www.googleapis.com/compute/v1/projects/terraform-443107/regions/me-west1/subnetworks/default",
              "https://www.googleapis.com/compute/v1/projects/terraform-443107/regions/us-central1/subnetworks/default",
              "https://www.googleapis.com/compute/v1/projects/terraform-443107/regions/northamerica-south1/subnetworks/default",
              "https://www.googleapis.com/compute/v1/projects/terraform-443107/regions/northamerica-northeast1/subnetworks/default",
              "https://www.googleapis.com/compute/v1/projects/terraform-443107/regions/us-east4/subnetworks/default",
              "https://www.googleapis.com/compute/v1/projects/terraform-443107/regions/asia-south1/subnetworks/default",
              "https://www.googleapis.com/compute/v1/projects/terraform-443107/regions/europe-west4/subnetworks/default"
            ]
          },
          "sensitive_attributes": []
        }
      ]
    },
    {
      "mode": "managed",
      "type": "google_compute_firewall",
      "name": "default",
      "provider": "provider[\"registry.terraform.io/hashicorp/google\"]",
      "instances": [
        {
          "schema_version": 1,
          "attributes": {
            "allow": [
              {
                "ports": [],
                "protocol": "all"
              }
            ],
            "creation_timestamp": "2024-11-28T00:22:42.876-08:00",
            "deny": [],
            "description": "",
            "destination_ranges": [],
            "direction": "INGRESS",
            "disabled": false,
            "enable_logging": null,
            "id": "projects/terraform-443107/global/firewalls/vpc-development-allow-all",
            "log_config": [],
            "name": "vpc-development-allow-all",
            "network": "https://www.googleapis.com/compute/v1/projects/terraform-443107/global/networks/vpc-development",
            "priority": 1000,
            "project": "terraform-443107",
            "self_link": "https://www.googleapis.com/compute/v1/projects/terraform-443107/global/firewalls/vpc-development-allow-all",
            "source_ranges": [
              "0.0.0.0/0"
            ],
            "source_service_accounts": [],
            "source_tags": [],
            "target_service_accounts": [],
            "target_tags": [
              "allow-all"
            ],
            "timeouts": null
          },
          "sensitive_attributes": [],
          "private": "eyJlMmJmYjczMC1lY2FhLTExZTYtOGY4OC0zNDM2M2JjN2M0YzAiOnsiY3JlYXRlIjoxMjAwMDAwMDAwMDAwLCJkZWxldGUiOjEyMDAwMDAwMDAwMDAsInVwZGF0ZSI6MTIwMDAwMDAwMDAwMH0sInNjaGVtYV92ZXJzaW9uIjoiMSJ9",
          "dependencies": [
            "google_compute_network.default"
          ]
        }
      ]
    },
    {
      "mode": "managed",
      "type": "google_compute_instance",
      "name": "api",
      "provider": "provider[\"registry.terraform.io/hashicorp/google\"]",
      "instances": [
        {
          "schema_version": 6,
          "attributes": {
            "advanced_machine_features": [],
            "allow_stopping_for_update": null,
            "attached_disk": [],
            "boot_disk": [
              {
                "auto_delete": true,
                "device_name": "persistent-disk-0",
                "disk_encryption_key_raw": "",
                "disk_encryption_key_sha256": "",
                "initialize_params": [
                  {
                    "enable_confidential_compute": false,
                    "image": "https://www.googleapis.com/compute/v1/projects/debian-cloud/global/images/debian-11-bullseye-v20241112",
                    "labels": {},
                    "provisioned_iops": 0,
                    "provisioned_throughput": 0,
                    "resource_manager_tags": {},
                    "resource_policies": [],
                    "size": 10,
                    "storage_pool": "",
                    "type": "pd-standard"
                  }
                ],
                "interface": "",
                "kms_key_self_link": "",
                "mode": "READ_WRITE",
                "source": "https://www.googleapis.com/compute/v1/projects/terraform-443107/zones/asia-southeast2-a/disks/api-gateway"
              }
            ],
            "can_ip_forward": false,
            "confidential_instance_config": [],
            "cpu_platform": "Intel Broadwell",
            "creation_timestamp": "2024-11-28T00:55:58.290-08:00",
            "current_status": "RUNNING",
            "deletion_protection": false,
            "description": "",
            "desired_status": null,
            "effective_labels": {
              "goog-terraform-provisioned": "true"
            },
            "enable_display": false,
            "guest_accelerator": [],
            "hostname": "",
            "id": "projects/terraform-443107/zones/asia-southeast2-a/instances/api-gateway",
            "instance_id": "6897232582982078194",
            "key_revocation_action_type": "",
            "label_fingerprint": "vezUS-42LLM=",
            "labels": {},
            "machine_type": "e2-micro",
            "metadata": {},
            "metadata_fingerprint": "HojXsLzgq-U=",
            "metadata_startup_script": null,
            "min_cpu_platform": "",
            "name": "api-gateway",
            "network_interface": [
              {
                "access_config": [
                  {
                    "nat_ip": "34.101.136.55",
                    "network_tier": "PREMIUM",
                    "public_ptr_domain_name": ""
                  }
                ],
                "alias_ip_range": [],
                "internal_ipv6_prefix_length": 0,
                "ipv6_access_config": [],
                "ipv6_access_type": "",
                "ipv6_address": "",
                "name": "nic0",
                "network": "https://www.googleapis.com/compute/v1/projects/terraform-443107/global/networks/default",
                "network_ip": "10.184.0.2",
                "nic_type": "",
                "queue_count": 0,
                "stack_type": "IPV4_ONLY",
                "subnetwork": "https://www.googleapis.com/compute/v1/projects/terraform-443107/regions/asia-southeast2/subnetworks/default",
                "subnetwork_project": "terraform-443107"
              }
            ],
            "network_performance_config": [],
            "params": [],
            "project": "terraform-443107",
            "reservation_affinity": [],
            "resource_policies": [],
            "scheduling": [
              {
                "automatic_restart": true,
                "instance_termination_action": "",
                "local_ssd_recovery_timeout": [],
                "max_run_duration": [],
                "min_node_cpus": 0,
                "node_affinities": [],
                "on_host_maintenance": "MIGRATE",
                "on_instance_stop_action": [],
                "preemptible": false,
                "provisioning_model": "STANDARD"
              }
            ],
            "scratch_disk": [],
            "self_link": "https://www.googleapis.com/compute/v1/projects/terraform-443107/zones/asia-southeast2-a/instances/api-gateway",
            "service_account": [],
            "shielded_instance_config": [
              {
                "enable_integrity_monitoring": true,
                "enable_secure_boot": false,
                "enable_vtpm": true
              }
            ],
            "tags": [
              "allow-all",
              "http-server"
            ],
            "tags_fingerprint": "PXqA7jKj01E=",
            "terraform_labels": {
              "goog-terraform-provisioned": "true"
            },
            "timeouts": null,
            "zone": "asia-southeast2-a"
          },
          "sensitive_attributes": [
            [
              {
                "type": "get_attr",
                "value": "boot_disk"
              },
              {
                "type": "index",
                "value": {
                  "value": 0,
                  "type": "number"
                }
              },
              {
                "type": "get_attr",
                "value": "disk_encryption_key_raw"
              }
            ]
          ],
          "private": "eyJlMmJmYjczMC1lY2FhLTExZTYtOGY4OC0zNDM2M2JjN2M0YzAiOnsiY3JlYXRlIjoxMjAwMDAwMDAwMDAwLCJkZWxldGUiOjEyMDAwMDAwMDAwMDAsInVwZGF0ZSI6MTIwMDAwMDAwMDAwMH0sInNjaGVtYV92ZXJzaW9uIjoiNiJ9",
          "dependencies": [
            "data.google_compute_network.vpc-default"
          ]
        }
      ]
    },
    {
      "mode": "managed",
      "type": "google_compute_instance",
      "name": "db",
      "provider": "provider[\"registry.terraform.io/hashicorp/google\"]",
      "instances": [
        {
          "schema_version": 6,
          "attributes": {
            "advanced_machine_features": [],
            "allow_stopping_for_update": null,
            "attached_disk": [],
            "boot_disk": [
              {
                "auto_delete": true,
                "device_name": "persistent-disk-0",
                "disk_encryption_key_raw": "",
                "disk_encryption_key_sha256": "",
                "initialize_params": [
                  {
                    "enable_confidential_compute": false,
                    "image": "https://www.googleapis.com/compute/v1/projects/debian-cloud/global/images/debian-11-bullseye-v20241112",
                    "labels": {},
                    "provisioned_iops": 0,
                    "provisioned_throughput": 0,
                    "resource_manager_tags": {},
                    "resource_policies": [],
                    "size": 10,
                    "storage_pool": "",
                    "type": "pd-standard"
                  }
                ],
                "interface": "",
                "kms_key_self_link": "",
                "mode": "READ_WRITE",
                "source": "https://www.googleapis.com/compute/v1/projects/terraform-443107/zones/asia-southeast2-a/disks/database-server"
              }
            ],
            "can_ip_forward": false,
            "confidential_instance_config": [],
            "cpu_platform": "Intel Broadwell",
            "creation_timestamp": "2024-11-28T00:41:01.920-08:00",
            "current_status": "RUNNING",
            "deletion_protection": false,
            "description": "",
            "desired_status": null,
            "effective_labels": {
              "goog-terraform-provisioned": "true"
            },
            "enable_display": false,
            "guest_accelerator": [],
            "hostname": "",
            "id": "projects/terraform-443107/zones/asia-southeast2-a/instances/database-server",
            "instance_id": "4121482682291294834",
            "key_revocation_action_type": "",
            "label_fingerprint": "vezUS-42LLM=",
            "labels": {},
            "machine_type": "e2-micro",
            "metadata": {},
            "metadata_fingerprint": "HojXsLzgq-U=",
            "metadata_startup_script": null,
            "min_cpu_platform": "",
            "name": "database-server",
            "network_interface": [
              {
                "access_config": [
                  {
                    "nat_ip": "34.101.168.81",
                    "network_tier": "PREMIUM",
                    "public_ptr_domain_name": ""
                  }
                ],
                "alias_ip_range": [],
                "internal_ipv6_prefix_length": 0,
                "ipv6_access_config": [],
                "ipv6_access_type": "",
                "ipv6_address": "",
                "name": "nic0",
                "network": "https://www.googleapis.com/compute/v1/projects/terraform-443107/global/networks/vpc-development",
                "network_ip": "192.168.2.3",
                "nic_type": "",
                "queue_count": 0,
                "stack_type": "IPV4_ONLY",
                "subnetwork": "https://www.googleapis.com/compute/v1/projects/terraform-443107/regions/asia-southeast2/subnetworks/subnet-id",
                "subnetwork_project": "terraform-443107"
              }
            ],
            "network_performance_config": [],
            "params": [],
            "project": "terraform-443107",
            "reservation_affinity": [],
            "resource_policies": [],
            "scheduling": [
              {
                "automatic_restart": true,
                "instance_termination_action": "",
                "local_ssd_recovery_timeout": [],
                "max_run_duration": [],
                "min_node_cpus": 0,
                "node_affinities": [],
                "on_host_maintenance": "MIGRATE",
                "on_instance_stop_action": [],
                "preemptible": false,
                "provisioning_model": "STANDARD"
              }
            ],
            "scratch_disk": [],
            "self_link": "https://www.googleapis.com/compute/v1/projects/terraform-443107/zones/asia-southeast2-a/instances/database-server",
            "service_account": [],
            "shielded_instance_config": [
              {
                "enable_integrity_monitoring": true,
                "enable_secure_boot": false,
                "enable_vtpm": true
              }
            ],
            "tags": [
              "allow-db"
            ],
            "tags_fingerprint": "qKo_V_mNsNM=",
            "terraform_labels": {
              "goog-terraform-provisioned": "true"
            },
            "timeouts": null,
            "zone": "asia-southeast2-a"
          },
          "sensitive_attributes": [
            [
              {
                "type": "get_attr",
                "value": "boot_disk"
              },
              {
                "type": "index",
                "value": {
                  "value": 0,
                  "type": "number"
                }
              },
              {
                "type": "get_attr",
                "value": "disk_encryption_key_raw"
              }
            ]
          ],
          "private": "eyJlMmJmYjczMC1lY2FhLTExZTYtOGY4OC0zNDM2M2JjN2M0YzAiOnsiY3JlYXRlIjoxMjAwMDAwMDAwMDAwLCJkZWxldGUiOjEyMDAwMDAwMDAwMDAsInVwZGF0ZSI6MTIwMDAwMDAwMDAwMH0sInNjaGVtYV92ZXJzaW9uIjoiNiJ9",
          "dependencies": [
            "google_compute_network.default",
            "google_compute_subnetwork.default"
          ]
        }
      ]
    },
    {
      "mode": "managed",
      "type": "google_compute_instance",
      "name": "lb",
      "provider": "provider[\"registry.terraform.io/hashicorp/google\"]",
      "instances": [
        {
          "schema_version": 6,
          "attributes": {
            "advanced_machine_features": [],
            "allow_stopping_for_update": null,
            "attached_disk": [],
            "boot_disk": [
              {
                "auto_delete": true,
                "device_name": "persistent-disk-0",
                "disk_encryption_key_raw": "",
                "disk_encryption_key_sha256": "",
                "initialize_params": [
                  {
                    "enable_confidential_compute": false,
                    "image": "https://www.googleapis.com/compute/v1/projects/debian-cloud/global/images/debian-11-bullseye-v20241112",
                    "labels": {},
                    "provisioned_iops": 0,
                    "provisioned_throughput": 0,
                    "resource_manager_tags": null,
                    "resource_policies": [],
                    "size": 10,
                    "storage_pool": "",
                    "type": "pd-standard"
                  }
                ],
                "interface": "",
                "kms_key_self_link": "",
                "mode": "READ_WRITE",
                "source": "https://www.googleapis.com/compute/v1/projects/terraform-443107/zones/asia-southeast2-a/disks/nginx-load-balancer"
              }
            ],
            "can_ip_forward": false,
            "confidential_instance_config": [],
            "cpu_platform": "Intel Broadwell",
            "creation_timestamp": "2024-11-28T01:45:06.285-08:00",
            "current_status": "RUNNING",
            "deletion_protection": false,
            "description": "",
            "desired_status": null,
            "effective_labels": {
              "goog-terraform-provisioned": "true"
            },
            "enable_display": false,
            "guest_accelerator": [],
            "hostname": "",
            "id": "projects/terraform-443107/zones/asia-southeast2-a/instances/nginx-load-balancer",
            "instance_id": "6916312326654494029",
            "key_revocation_action_type": "",
            "label_fingerprint": "vezUS-42LLM=",
            "labels": null,
            "machine_type": "e2-micro",
            "metadata": null,
            "metadata_fingerprint": "HojXsLzgq-U=",
            "metadata_startup_script": null,
            "min_cpu_platform": "",
            "name": "nginx-load-balancer",
            "network_interface": [
              {
                "access_config": [
                  {
                    "nat_ip": "34.101.208.75",
                    "network_tier": "PREMIUM",
                    "public_ptr_domain_name": ""
                  }
                ],
                "alias_ip_range": [],
                "internal_ipv6_prefix_length": 0,
                "ipv6_access_config": [],
                "ipv6_access_type": "",
                "ipv6_address": "",
                "name": "nic0",
                "network": "https://www.googleapis.com/compute/v1/projects/terraform-443107/global/networks/vpc-development",
                "network_ip": "192.168.2.6",
                "nic_type": "",
                "queue_count": 0,
                "stack_type": "IPV4_ONLY",
                "subnetwork": "https://www.googleapis.com/compute/v1/projects/terraform-443107/regions/asia-southeast2/subnetworks/subnet-id",
                "subnetwork_project": "terraform-443107"
              }
            ],
            "network_performance_config": [],
            "params": [],
            "project": "terraform-443107",
            "reservation_affinity": [],
            "resource_policies": null,
            "scheduling": [
              {
                "automatic_restart": true,
                "instance_termination_action": "",
                "local_ssd_recovery_timeout": [],
                "max_run_duration": [],
                "min_node_cpus": 0,
                "node_affinities": [],
                "on_host_maintenance": "MIGRATE",
                "on_instance_stop_action": [],
                "preemptible": false,
                "provisioning_model": "STANDARD"
              }
            ],
            "scratch_disk": [],
            "self_link": "https://www.googleapis.com/compute/v1/projects/terraform-443107/zones/asia-southeast2-a/instances/nginx-load-balancer",
            "service_account": [],
            "shielded_instance_config": [
              {
                "enable_integrity_monitoring": true,
                "enable_secure_boot": false,
                "enable_vtpm": true
              }
            ],
            "tags": [
              "http-server"
            ],
            "tags_fingerprint": "FYLDgkTKlA4=",
            "terraform_labels": {
              "goog-terraform-provisioned": "true"
            },
            "timeouts": null,
            "zone": "asia-southeast2-a"
          },
          "sensitive_attributes": [
            [
              {
                "type": "get_attr",
                "value": "boot_disk"
              },
              {
                "type": "index",
                "value": {
                  "value": 0,
                  "type": "number"
                }
              },
              {
                "type": "get_attr",
                "value": "disk_encryption_key_raw"
              }
            ]
          ],
          "private": "eyJlMmJmYjczMC1lY2FhLTExZTYtOGY4OC0zNDM2M2JjN2M0YzAiOnsiY3JlYXRlIjoxMjAwMDAwMDAwMDAwLCJkZWxldGUiOjEyMDAwMDAwMDAwMDAsInVwZGF0ZSI6MTIwMDAwMDAwMDAwMH0sInNjaGVtYV92ZXJzaW9uIjoiNiJ9",
          "dependencies": [
            "google_compute_network.default",
            "google_compute_subnetwork.default"
          ]
        }
      ]
    },
    {
      "mode": "managed",
      "type": "google_compute_instance",
      "name": "web",
      "provider": "provider[\"registry.terraform.io/hashicorp/google\"]",
      "instances": [
        {
          "schema_version": 6,
          "attributes": {
            "advanced_machine_features": [],
            "allow_stopping_for_update": null,
            "attached_disk": [],
            "boot_disk": [
              {
                "auto_delete": true,
                "device_name": "persistent-disk-0",
                "disk_encryption_key_raw": "",
                "disk_encryption_key_sha256": "",
                "initialize_params": [
                  {
                    "enable_confidential_compute": false,
                    "image": "https://www.googleapis.com/compute/v1/projects/debian-cloud/global/images/debian-11-bullseye-v20241112",
                    "labels": {},
                    "provisioned_iops": 0,
                    "provisioned_throughput": 0,
                    "resource_manager_tags": {},
                    "resource_policies": [],
                    "size": 10,
                    "storage_pool": "",
                    "type": "pd-standard"
                  }
                ],
                "interface": "",
                "kms_key_self_link": "",
                "mode": "READ_WRITE",
                "source": "https://www.googleapis.com/compute/v1/projects/terraform-443107/zones/asia-southeast2-a/disks/web-server"
              }
            ],
            "can_ip_forward": false,
            "confidential_instance_config": [],
            "cpu_platform": "Intel Broadwell",
            "creation_timestamp": "2024-11-28T00:45:04.881-08:00",
            "current_status": "RUNNING",
            "deletion_protection": false,
            "description": "",
            "desired_status": null,
            "effective_labels": {
              "goog-terraform-provisioned": "true"
            },
            "enable_display": false,
            "guest_accelerator": [],
            "hostname": "",
            "id": "projects/terraform-443107/zones/asia-southeast2-a/instances/web-server",
            "instance_id": "6765804530730111871",
            "key_revocation_action_type": "",
            "label_fingerprint": "vezUS-42LLM=",
            "labels": {},
            "machine_type": "e2-micro",
            "metadata": {},
            "metadata_fingerprint": "HojXsLzgq-U=",
            "metadata_startup_script": null,
            "min_cpu_platform": "",
            "name": "web-server",
            "network_interface": [
              {
                "access_config": [
                  {
                    "nat_ip": "34.101.33.218",
                    "network_tier": "PREMIUM",
                    "public_ptr_domain_name": ""
                  }
                ],
                "alias_ip_range": [],
                "internal_ipv6_prefix_length": 0,
                "ipv6_access_config": [],
                "ipv6_access_type": "",
                "ipv6_address": "",
                "name": "nic0",
                "network": "https://www.googleapis.com/compute/v1/projects/terraform-443107/global/networks/vpc-development",
                "network_ip": "192.168.2.4",
                "nic_type": "",
                "queue_count": 0,
                "stack_type": "IPV4_ONLY",
                "subnetwork": "https://www.googleapis.com/compute/v1/projects/terraform-443107/regions/asia-southeast2/subnetworks/subnet-id",
                "subnetwork_project": "terraform-443107"
              }
            ],
            "network_performance_config": [],
            "params": [],
            "project": "terraform-443107",
            "reservation_affinity": [],
            "resource_policies": [],
            "scheduling": [
              {
                "automatic_restart": true,
                "instance_termination_action": "",
                "local_ssd_recovery_timeout": [],
                "max_run_duration": [],
                "min_node_cpus": 0,
                "node_affinities": [],
                "on_host_maintenance": "MIGRATE",
                "on_instance_stop_action": [],
                "preemptible": false,
                "provisioning_model": "STANDARD"
              }
            ],
            "scratch_disk": [],
            "self_link": "https://www.googleapis.com/compute/v1/projects/terraform-443107/zones/asia-southeast2-a/instances/web-server",
            "service_account": [],
            "shielded_instance_config": [
              {
                "enable_integrity_monitoring": true,
                "enable_secure_boot": false,
                "enable_vtpm": true
              }
            ],
            "tags": [
              "http-server"
            ],
            "tags_fingerprint": "FYLDgkTKlA4=",
            "terraform_labels": {
              "goog-terraform-provisioned": "true"
            },
            "timeouts": null,
            "zone": "asia-southeast2-a"
          },
          "sensitive_attributes": [
            [
              {
                "type": "get_attr",
                "value": "boot_disk"
              },
              {
                "type": "index",
                "value": {
                  "value": 0,
                  "type": "number"
                }
              },
              {
                "type": "get_attr",
                "value": "disk_encryption_key_raw"
              }
            ]
          ],
          "private": "eyJlMmJmYjczMC1lY2FhLTExZTYtOGY4OC0zNDM2M2JjN2M0YzAiOnsiY3JlYXRlIjoxMjAwMDAwMDAwMDAwLCJkZWxldGUiOjEyMDAwMDAwMDAwMDAsInVwZGF0ZSI6MTIwMDAwMDAwMDAwMH0sInNjaGVtYV92ZXJzaW9uIjoiNiJ9",
          "dependencies": [
            "google_compute_network.default",
            "google_compute_subnetwork.default"
          ]
        }
      ]
    },
    {
      "mode": "managed",
      "type": "google_compute_network",
      "name": "default",
      "provider": "provider[\"registry.terraform.io/hashicorp/google\"]",
      "instances": [
        {
          "schema_version": 0,
          "attributes": {
            "auto_create_subnetworks": false,
            "delete_default_routes_on_create": false,
            "description": "network untuk env development",
            "enable_ula_internal_ipv6": false,
            "gateway_ipv4": "",
            "id": "projects/terraform-443107/global/networks/vpc-development",
            "internal_ipv6_range": "",
            "mtu": 0,
            "name": "vpc-development",
            "network_firewall_policy_enforcement_order": "AFTER_CLASSIC_FIREWALL",
            "numeric_id": "8958193221450963464",
            "project": "terraform-443107",
            "routing_mode": "REGIONAL",
            "self_link": "https://www.googleapis.com/compute/v1/projects/terraform-443107/global/networks/vpc-development",
            "timeouts": null
          },
          "sensitive_attributes": [],
          "private": "eyJlMmJmYjczMC1lY2FhLTExZTYtOGY4OC0zNDM2M2JjN2M0YzAiOnsiY3JlYXRlIjoxMjAwMDAwMDAwMDAwLCJkZWxldGUiOjEyMDAwMDAwMDAwMDAsInVwZGF0ZSI6MTIwMDAwMDAwMDAwMH19"
        }
      ]
    },
    {
      "mode": "managed",
      "type": "google_compute_subnetwork",
      "name": "default",
      "provider": "provider[\"registry.terraform.io/hashicorp/google\"]",
      "instances": [
        {
          "schema_version": 0,
          "attributes": {
            "creation_timestamp": "2024-11-28T00:13:52.439-08:00",
            "description": "",
            "external_ipv6_prefix": "",
            "fingerprint": null,
            "gateway_address": "192.168.2.1",
            "id": "projects/terraform-443107/regions/asia-southeast2/subnetworks/subnet-id",
            "internal_ipv6_prefix": "",
            "ip_cidr_range": "192.168.2.0/24",
            "ipv6_access_type": "",
            "ipv6_cidr_range": "",
            "log_config": [],
            "name": "subnet-id",
            "network": "https://www.googleapis.com/compute/v1/projects/terraform-443107/global/networks/vpc-development",
            "private_ip_google_access": false,
            "private_ipv6_google_access": "DISABLE_GOOGLE_ACCESS",
            "project": "terraform-443107",
            "purpose": "PRIVATE",
            "region": "asia-southeast2",
            "reserved_internal_range": "",
            "role": "",
            "secondary_ip_range": [],
            "self_link": "https://www.googleapis.com/compute/v1/projects/terraform-443107/regions/asia-southeast2/subnetworks/subnet-id",
            "send_secondary_ip_range_if_empty": null,
            "stack_type": "IPV4_ONLY",
            "timeouts": null
          },
          "sensitive_attributes": [],
          "private": "eyJlMmJmYjczMC1lY2FhLTExZTYtOGY4OC0zNDM2M2JjN2M0YzAiOnsiY3JlYXRlIjoxMjAwMDAwMDAwMDAwLCJkZWxldGUiOjEyMDAwMDAwMDAwMDAsInVwZGF0ZSI6MTIwMDAwMDAwMDAwMH19",
          "dependencies": [
            "google_compute_network.default"
          ]
        }
      ]
    }
  ],
  "check_results": null
}
